
Microsoft Visual Studio Solution File, Format Version 12.00
# Visual Studio Version 16
VisualStudioVersion = 16.0.31605.320
MinimumVisualStudioVersion = 10.0.40219.1
Project("{FAE04EC0-301F-11D3-BF4B-00C04F79EFBC}") = "ZizzCli", "ZizzCli.csproj", "{2A24A031-01A4-4260-B36A-8CEC0498BFDF}"
EndProject
Global
	GlobalSection(SolutionConfigurationPlatforms) = preSolution
		Debug|Any CPU = Debug|Any CPU
		Release|Any CPU = Release|Any CPU
	EndGlobalSection
	GlobalSection(ProjectConfigurationPlatforms) = postSolution
		{2A24A031-01A4-4260-B36A-8CEC0498BFDF}.Debug|Any CPU.ActiveCfg = Debug|Any CPU
		{2A24A031-01A4-4260-B36A-8CEC0498BFDF}.Debug|Any CPU.Build.0 = Debug|Any CPU
		{2A24A031-01A4-4260-B36A-8CEC0498BFDF}.Release|Any CPU.ActiveCfg = Release|Any CPU
		{2A24A031-01A4-4260-B36A-8CEC0498BFDF}.Release|Any CPU.Build.0 = Release|Any CPU
	EndGlobalSection
	GlobalSection(SolutionProperties) = preSolution
		HideSolutionNode = FALSE
	EndGlobalSection
	GlobalSection(ExtensibilityGlobals) = postSolution
		SolutionGuid = {88A57FB7-96FF-4DC5-8780-B7AA8E7E75A9}
	EndGlobalSection
EndGlobal
